
Microsoft Visual Studio Solution File, Format Version 12.00
# Visual Studio 15
VisualStudioVersion = 15.0.27428.2005
MinimumVisualStudioVersion = 10.0.40219.1
Project("{FAE04EC0-301F-11D3-BF4B-00C04F79EFBC}") = "SuaTenHV", "SuaTenHV\SuaTenHV.csproj", "{D514E4FD-48FB-4084-8B93-5220DF2565C1}"
EndProject
Project("{FAE04EC0-301F-11D3-BF4B-00C04F79EFBC}") = "CDT", "CDTDebug\CDT.csproj", "{A48C0424-B640-40F9-9F72-9D96667B6160}"
EndProject
Project("{FAE04EC0-301F-11D3-BF4B-00C04F79EFBC}") = "HoiThamHV", "HoiThamHV\HoiThamHV.csproj", "{62DB796E-41ED-4C57-B0D8-DAC973811E73}"
EndProject
Project("{FAE04EC0-301F-11D3-BF4B-00C04F79EFBC}") = "TinhLuongGVCT", "TinhLuongGVCT\TinhLuongGVCT.csproj", "{88A60B72-8B07-427C-A73F-A55B039F1423}"
EndProject
Project("{FAE04EC0-301F-11D3-BF4B-00C04F79EFBC}") = "TinhLuongCL", "TinhLuongCL\TinhLuongCL.csproj", "{42ED6D77-B5CE-45FE-BCE3-2EF19623CCF7}"
EndProject
Project("{FAE04EC0-301F-11D3-BF4B-00C04F79EFBC}") = "CapNhatHP", "CapNhaHP\CapNhatHP.csproj", "{1D7C6B35-1A4B-40CF-B0FD-2B2C849FDEB4}"
EndProject
Project("{FAE04EC0-301F-11D3-BF4B-00C04F79EFBC}") = "TaoPhieuChi", "TaoPhieuChi\TaoPhieuChi.csproj", "{37F59C57-37C4-4F04-99E1-56E9A88FA1A2}"
EndProject
Project("{FAE04EC0-301F-11D3-BF4B-00C04F79EFBC}") = "TaoSoCT", "TaoSoCT\TaoSoCT.csproj", "{70675401-AEB2-442B-B7C5-52B76ADC0AC4}"
EndProject
Project("{FAE04EC0-301F-11D3-BF4B-00C04F79EFBC}") = "LayDSPhatLuong", "LayDSPhatLuong\LayDSPhatLuong.csproj", "{742B3F4E-7B4B-4110-A1DF-33DF44DC8780}"
EndProject
Project("{FAE04EC0-301F-11D3-BF4B-00C04F79EFBC}") = "TaoMaLopCT", "TaoMaLopCT\TaoMaLopCT.csproj", "{F6797B84-88FA-4C68-8DCB-CC4FB72F8C38}"
EndProject
Project("{FAE04EC0-301F-11D3-BF4B-00C04F79EFBC}") = "HocVienCu", "HocVienCu\HocVienCu.csproj", "{962F979A-619D-4847-85DB-F4AC52996D2F}"
EndProject
Project("{FAE04EC0-301F-11D3-BF4B-00C04F79EFBC}") = "SiSoDK", "SiSoDK\SiSoDK.csproj", "{834AA00E-A768-4E2C-BE32-439626D526F9}"
EndProject
Project("{FAE04EC0-301F-11D3-BF4B-00C04F79EFBC}") = "KiemTraQuyenUser", "KiemTraQuyenUser\KiemTraQuyenUser.csproj", "{BED6BCE6-77E7-4C29-8427-F02479A7E96B}"
EndProject
Project("{FAE04EC0-301F-11D3-BF4B-00C04F79EFBC}") = "KiemTraNhapExcelHVTV", "KiemTraNhapExcelHVTV\KiemTraNhapExcelHVTV.csproj", "{4E0DA1A7-2C7C-4923-B310-2F611BD20AC2}"
EndProject
Project("{FAE04EC0-301F-11D3-BF4B-00C04F79EFBC}") = "CapNhatThanhToan", "CapNhatThanhToan\CapNhatThanhToan\CapNhatThanhToan.csproj", "{FD9028EF-A36C-49B3-87B9-8CD32B163E60}"
EndProject
Project("{FAE04EC0-301F-11D3-BF4B-00C04F79EFBC}") = "SaoChepGroup", "SaoChepGroup\SaoChepGroup.csproj", "{ADF42A37-CBAE-4384-B006-34A1B20C6BE8}"
EndProject
Project("{FAE04EC0-301F-11D3-BF4B-00C04F79EFBC}") = "BlockData", "BlockData\BlockData.csproj", "{161DDA09-53DF-42EF-82F8-BDCE5E7AB7C3}"
EndProject
Project("{FAE04EC0-301F-11D3-BF4B-00C04F79EFBC}") = "Inventory", "Inventory\Inventory.csproj", "{B16E1B0B-FAD0-433C-B2AA-E5244A91CFBA}"
EndProject
Project("{FAE04EC0-301F-11D3-BF4B-00C04F79EFBC}") = "HVDK", "HVDK\HVDK.csproj", "{F7259907-BB6D-42C6-B2B0-77D5ED43DCBE}"
EndProject
Project("{FAE04EC0-301F-11D3-BF4B-00C04F79EFBC}") = "CapNhatChamCong", "CapNhatChamCong\CapNhatChamCong.csproj", "{03BEAF67-FFF3-4C4A-A505-CE24F2281394}"
EndProject
Project("{FAE04EC0-301F-11D3-BF4B-00C04F79EFBC}") = "LayChamCong", "LayChamCong\LayChamCong.csproj", "{FE09CFAD-27D2-4E22-BD01-5DC845756A2E}"
EndProject
Project("{FAE04EC0-301F-11D3-BF4B-00C04F79EFBC}") = "TinhLuongGVCN", "TinhLuongGVCN\TinhLuongGVCN.csproj", "{E9671172-E4B8-4959-AF04-681793F4FAAD}"
EndProject
Project("{FAE04EC0-301F-11D3-BF4B-00C04F79EFBC}") = "LayChamCongNV", "LayChamCongNV\LayChamCongNV.csproj", "{87CD76A8-743B-4AFC-9121-7088D2A3642A}"
EndProject
Project("{FAE04EC0-301F-11D3-BF4B-00C04F79EFBC}") = "TinhLuongNV", "TinhLuongNV\TinhLuongNV.csproj", "{BEC28796-53B6-46C5-9DE9-B5A7C4C927E0}"
EndProject
Project("{FAE04EC0-301F-11D3-BF4B-00C04F79EFBC}") = "TaoMaNhanVien", "TaoMaNhanVien\TaoMaNhanVien.csproj", "{C031E45F-F827-43D8-B65A-239CB756C333}"
EndProject
Global
	GlobalSection(SolutionConfigurationPlatforms) = preSolution
		Debug|Any CPU = Debug|Any CPU
		Release|Any CPU = Release|Any CPU
	EndGlobalSection
	GlobalSection(ProjectConfigurationPlatforms) = postSolution
		{D514E4FD-48FB-4084-8B93-5220DF2565C1}.Debug|Any CPU.ActiveCfg = Debug|Any CPU
		{D514E4FD-48FB-4084-8B93-5220DF2565C1}.Debug|Any CPU.Build.0 = Debug|Any CPU
		{D514E4FD-48FB-4084-8B93-5220DF2565C1}.Release|Any CPU.ActiveCfg = Release|Any CPU
		{D514E4FD-48FB-4084-8B93-5220DF2565C1}.Release|Any CPU.Build.0 = Release|Any CPU
		{A48C0424-B640-40F9-9F72-9D96667B6160}.Debug|Any CPU.ActiveCfg = Debug|Any CPU
		{A48C0424-B640-40F9-9F72-9D96667B6160}.Debug|Any CPU.Build.0 = Debug|Any CPU
		{A48C0424-B640-40F9-9F72-9D96667B6160}.Release|Any CPU.ActiveCfg = Release|Any CPU
		{A48C0424-B640-40F9-9F72-9D96667B6160}.Release|Any CPU.Build.0 = Release|Any CPU
		{62DB796E-41ED-4C57-B0D8-DAC973811E73}.Debug|Any CPU.ActiveCfg = Debug|Any CPU
		{62DB796E-41ED-4C57-B0D8-DAC973811E73}.Debug|Any CPU.Build.0 = Debug|Any CPU
		{62DB796E-41ED-4C57-B0D8-DAC973811E73}.Release|Any CPU.ActiveCfg = Release|Any CPU
		{62DB796E-41ED-4C57-B0D8-DAC973811E73}.Release|Any CPU.Build.0 = Release|Any CPU
		{88A60B72-8B07-427C-A73F-A55B039F1423}.Debug|Any CPU.ActiveCfg = Debug|Any CPU
		{88A60B72-8B07-427C-A73F-A55B039F1423}.Debug|Any CPU.Build.0 = Debug|Any CPU
		{88A60B72-8B07-427C-A73F-A55B039F1423}.Release|Any CPU.ActiveCfg = Release|Any CPU
		{88A60B72-8B07-427C-A73F-A55B039F1423}.Release|Any CPU.Build.0 = Release|Any CPU
		{42ED6D77-B5CE-45FE-BCE3-2EF19623CCF7}.Debug|Any CPU.ActiveCfg = Debug|Any CPU
		{42ED6D77-B5CE-45FE-BCE3-2EF19623CCF7}.Debug|Any CPU.Build.0 = Debug|Any CPU
		{42ED6D77-B5CE-45FE-BCE3-2EF19623CCF7}.Release|Any CPU.ActiveCfg = Release|Any CPU
		{42ED6D77-B5CE-45FE-BCE3-2EF19623CCF7}.Release|Any CPU.Build.0 = Release|Any CPU
		{1D7C6B35-1A4B-40CF-B0FD-2B2C849FDEB4}.Debug|Any CPU.ActiveCfg = Debug|Any CPU
		{1D7C6B35-1A4B-40CF-B0FD-2B2C849FDEB4}.Debug|Any CPU.Build.0 = Debug|Any CPU
		{1D7C6B35-1A4B-40CF-B0FD-2B2C849FDEB4}.Release|Any CPU.ActiveCfg = Release|Any CPU
		{1D7C6B35-1A4B-40CF-B0FD-2B2C849FDEB4}.Release|Any CPU.Build.0 = Release|Any CPU
		{37F59C57-37C4-4F04-99E1-56E9A88FA1A2}.Debug|Any CPU.ActiveCfg = Debug|Any CPU
		{37F59C57-37C4-4F04-99E1-56E9A88FA1A2}.Debug|Any CPU.Build.0 = Debug|Any CPU
		{37F59C57-37C4-4F04-99E1-56E9A88FA1A2}.Release|Any CPU.ActiveCfg = Release|Any CPU
		{37F59C57-37C4-4F04-99E1-56E9A88FA1A2}.Release|Any CPU.Build.0 = Release|Any CPU
		{70675401-AEB2-442B-B7C5-52B76ADC0AC4}.Debug|Any CPU.ActiveCfg = Debug|Any CPU
		{70675401-AEB2-442B-B7C5-52B76ADC0AC4}.Debug|Any CPU.Build.0 = Debug|Any CPU
		{70675401-AEB2-442B-B7C5-52B76ADC0AC4}.Release|Any CPU.ActiveCfg = Release|Any CPU
		{70675401-AEB2-442B-B7C5-52B76ADC0AC4}.Release|Any CPU.Build.0 = Release|Any CPU
		{742B3F4E-7B4B-4110-A1DF-33DF44DC8780}.Debug|Any CPU.ActiveCfg = Debug|Any CPU
		{742B3F4E-7B4B-4110-A1DF-33DF44DC8780}.Debug|Any CPU.Build.0 = Debug|Any CPU
		{742B3F4E-7B4B-4110-A1DF-33DF44DC8780}.Release|Any CPU.ActiveCfg = Release|Any CPU
		{742B3F4E-7B4B-4110-A1DF-33DF44DC8780}.Release|Any CPU.Build.0 = Release|Any CPU
		{F6797B84-88FA-4C68-8DCB-CC4FB72F8C38}.Debug|Any CPU.ActiveCfg = Debug|Any CPU
		{F6797B84-88FA-4C68-8DCB-CC4FB72F8C38}.Debug|Any CPU.Build.0 = Debug|Any CPU
		{F6797B84-88FA-4C68-8DCB-CC4FB72F8C38}.Release|Any CPU.ActiveCfg = Release|Any CPU
		{F6797B84-88FA-4C68-8DCB-CC4FB72F8C38}.Release|Any CPU.Build.0 = Release|Any CPU
		{962F979A-619D-4847-85DB-F4AC52996D2F}.Debug|Any CPU.ActiveCfg = Debug|Any CPU
		{962F979A-619D-4847-85DB-F4AC52996D2F}.Debug|Any CPU.Build.0 = Debug|Any CPU
		{962F979A-619D-4847-85DB-F4AC52996D2F}.Release|Any CPU.ActiveCfg = Release|Any CPU
		{962F979A-619D-4847-85DB-F4AC52996D2F}.Release|Any CPU.Build.0 = Release|Any CPU
		{834AA00E-A768-4E2C-BE32-439626D526F9}.Debug|Any CPU.ActiveCfg = Debug|Any CPU
		{834AA00E-A768-4E2C-BE32-439626D526F9}.Debug|Any CPU.Build.0 = Debug|Any CPU
		{834AA00E-A768-4E2C-BE32-439626D526F9}.Release|Any CPU.ActiveCfg = Release|Any CPU
		{834AA00E-A768-4E2C-BE32-439626D526F9}.Release|Any CPU.Build.0 = Release|Any CPU
		{BED6BCE6-77E7-4C29-8427-F02479A7E96B}.Debug|Any CPU.ActiveCfg = Debug|Any CPU
		{BED6BCE6-77E7-4C29-8427-F02479A7E96B}.Debug|Any CPU.Build.0 = Debug|Any CPU
		{BED6BCE6-77E7-4C29-8427-F02479A7E96B}.Release|Any CPU.ActiveCfg = Release|Any CPU
		{BED6BCE6-77E7-4C29-8427-F02479A7E96B}.Release|Any CPU.Build.0 = Release|Any CPU
		{4E0DA1A7-2C7C-4923-B310-2F611BD20AC2}.Debug|Any CPU.ActiveCfg = Debug|Any CPU
		{4E0DA1A7-2C7C-4923-B310-2F611BD20AC2}.Debug|Any CPU.Build.0 = Debug|Any CPU
		{4E0DA1A7-2C7C-4923-B310-2F611BD20AC2}.Release|Any CPU.ActiveCfg = Release|Any CPU
		{4E0DA1A7-2C7C-4923-B310-2F611BD20AC2}.Release|Any CPU.Build.0 = Release|Any CPU
		{FD9028EF-A36C-49B3-87B9-8CD32B163E60}.Debug|Any CPU.ActiveCfg = Debug|Any CPU
		{FD9028EF-A36C-49B3-87B9-8CD32B163E60}.Debug|Any CPU.Build.0 = Debug|Any CPU
		{FD9028EF-A36C-49B3-87B9-8CD32B163E60}.Release|Any CPU.ActiveCfg = Release|Any CPU
		{FD9028EF-A36C-49B3-87B9-8CD32B163E60}.Release|Any CPU.Build.0 = Release|Any CPU
		{ADF42A37-CBAE-4384-B006-34A1B20C6BE8}.Debug|Any CPU.ActiveCfg = Debug|Any CPU
		{ADF42A37-CBAE-4384-B006-34A1B20C6BE8}.Debug|Any CPU.Build.0 = Debug|Any CPU
		{ADF42A37-CBAE-4384-B006-34A1B20C6BE8}.Release|Any CPU.ActiveCfg = Release|Any CPU
		{ADF42A37-CBAE-4384-B006-34A1B20C6BE8}.Release|Any CPU.Build.0 = Release|Any CPU
		{161DDA09-53DF-42EF-82F8-BDCE5E7AB7C3}.Debug|Any CPU.ActiveCfg = Debug|Any CPU
		{161DDA09-53DF-42EF-82F8-BDCE5E7AB7C3}.Debug|Any CPU.Build.0 = Debug|Any CPU
		{161DDA09-53DF-42EF-82F8-BDCE5E7AB7C3}.Release|Any CPU.ActiveCfg = Release|Any CPU
		{161DDA09-53DF-42EF-82F8-BDCE5E7AB7C3}.Release|Any CPU.Build.0 = Release|Any CPU
		{B16E1B0B-FAD0-433C-B2AA-E5244A91CFBA}.Debug|Any CPU.ActiveCfg = Debug|Any CPU
		{B16E1B0B-FAD0-433C-B2AA-E5244A91CFBA}.Debug|Any CPU.Build.0 = Debug|Any CPU
		{B16E1B0B-FAD0-433C-B2AA-E5244A91CFBA}.Release|Any CPU.ActiveCfg = Release|Any CPU
		{B16E1B0B-FAD0-433C-B2AA-E5244A91CFBA}.Release|Any CPU.Build.0 = Release|Any CPU
		{F7259907-BB6D-42C6-B2B0-77D5ED43DCBE}.Debug|Any CPU.ActiveCfg = Debug|Any CPU
		{F7259907-BB6D-42C6-B2B0-77D5ED43DCBE}.Debug|Any CPU.Build.0 = Debug|Any CPU
		{F7259907-BB6D-42C6-B2B0-77D5ED43DCBE}.Release|Any CPU.ActiveCfg = Release|Any CPU
		{F7259907-BB6D-42C6-B2B0-77D5ED43DCBE}.Release|Any CPU.Build.0 = Release|Any CPU
		{03BEAF67-FFF3-4C4A-A505-CE24F2281394}.Debug|Any CPU.ActiveCfg = Debug|Any CPU
		{03BEAF67-FFF3-4C4A-A505-CE24F2281394}.Debug|Any CPU.Build.0 = Debug|Any CPU
		{03BEAF67-FFF3-4C4A-A505-CE24F2281394}.Release|Any CPU.ActiveCfg = Release|Any CPU
		{03BEAF67-FFF3-4C4A-A505-CE24F2281394}.Release|Any CPU.Build.0 = Release|Any CPU
		{FE09CFAD-27D2-4E22-BD01-5DC845756A2E}.Debug|Any CPU.ActiveCfg = Debug|Any CPU
		{FE09CFAD-27D2-4E22-BD01-5DC845756A2E}.Debug|Any CPU.Build.0 = Debug|Any CPU
		{FE09CFAD-27D2-4E22-BD01-5DC845756A2E}.Release|Any CPU.ActiveCfg = Release|Any CPU
		{FE09CFAD-27D2-4E22-BD01-5DC845756A2E}.Release|Any CPU.Build.0 = Release|Any CPU
		{E9671172-E4B8-4959-AF04-681793F4FAAD}.Debug|Any CPU.ActiveCfg = Debug|Any CPU
		{E9671172-E4B8-4959-AF04-681793F4FAAD}.Debug|Any CPU.Build.0 = Debug|Any CPU
		{E9671172-E4B8-4959-AF04-681793F4FAAD}.Release|Any CPU.ActiveCfg = Release|Any CPU
		{E9671172-E4B8-4959-AF04-681793F4FAAD}.Release|Any CPU.Build.0 = Release|Any CPU
		{87CD76A8-743B-4AFC-9121-7088D2A3642A}.Debug|Any CPU.ActiveCfg = Debug|Any CPU
		{87CD76A8-743B-4AFC-9121-7088D2A3642A}.Debug|Any CPU.Build.0 = Debug|Any CPU
		{87CD76A8-743B-4AFC-9121-7088D2A3642A}.Release|Any CPU.ActiveCfg = Release|Any CPU
		{87CD76A8-743B-4AFC-9121-7088D2A3642A}.Release|Any CPU.Build.0 = Release|Any CPU
		{BEC28796-53B6-46C5-9DE9-B5A7C4C927E0}.Debug|Any CPU.ActiveCfg = Debug|Any CPU
		{BEC28796-53B6-46C5-9DE9-B5A7C4C927E0}.Debug|Any CPU.Build.0 = Debug|Any CPU
		{BEC28796-53B6-46C5-9DE9-B5A7C4C927E0}.Release|Any CPU.ActiveCfg = Release|Any CPU
		{BEC28796-53B6-46C5-9DE9-B5A7C4C927E0}.Release|Any CPU.Build.0 = Release|Any CPU
		{C031E45F-F827-43D8-B65A-239CB756C333}.Debug|Any CPU.ActiveCfg = Debug|Any CPU
		{C031E45F-F827-43D8-B65A-239CB756C333}.Debug|Any CPU.Build.0 = Debug|Any CPU
		{C031E45F-F827-43D8-B65A-239CB756C333}.Release|Any CPU.ActiveCfg = Release|Any CPU
		{C031E45F-F827-43D8-B65A-239CB756C333}.Release|Any CPU.Build.0 = Release|Any CPU
	EndGlobalSection
	GlobalSection(SolutionProperties) = preSolution
		HideSolutionNode = FALSE
	EndGlobalSection
	GlobalSection(ExtensibilityGlobals) = postSolution
		SolutionGuid = {425075F8-56A7-4947-9187-033EEA932100}
	EndGlobalSection
EndGlobal
