
Microsoft Visual Studio Solution File, Format Version 12.00
# Visual Studio 2013
VisualStudioVersion = 12.0.40629.0
MinimumVisualStudioVersion = 10.0.40219.1
Project("{FAE04EC0-301F-11D3-BF4B-00C04F79EFBC}") = "SuaTenHV", "SuaTenHV\SuaTenHV.csproj", "{D514E4FD-48FB-4084-8B93-5220DF2565C1}"
EndProject
Project("{FAE04EC0-301F-11D3-BF4B-00C04F79EFBC}") = "CDT", "CDTDebug\CDT.csproj", "{A48C0424-B640-40F9-9F72-9D96667B6160}"
EndProject
Project("{FAE04EC0-301F-11D3-BF4B-00C04F79EFBC}") = "HoiThamHV", "HoiThamHV\HoiThamHV.csproj", "{62DB796E-41ED-4C57-B0D8-DAC973811E73}"
EndProject
Project("{FAE04EC0-301F-11D3-BF4B-00C04F79EFBC}") = "TinhLuongGVCT", "TinhLuongGVCT\TinhLuongGVCT.csproj", "{88A60B72-8B07-427C-A73F-A55B039F1423}"
EndProject
Project("{FAE04EC0-301F-11D3-BF4B-00C04F79EFBC}") = "TinhLuongCL", "TinhLuongCL\TinhLuongCL.csproj", "{42ED6D77-B5CE-45FE-BCE3-2EF19623CCF7}"
EndProject
Project("{FAE04EC0-301F-11D3-BF4B-00C04F79EFBC}") = "CapNhatHP", "CapNhaHP\CapNhatHP.csproj", "{1D7C6B35-1A4B-40CF-B0FD-2B2C849FDEB4}"
EndProject
Project("{FAE04EC0-301F-11D3-BF4B-00C04F79EFBC}") = "TaoPhieuChi", "TaoPhieuChi\TaoPhieuChi.csproj", "{37F59C57-37C4-4F04-99E1-56E9A88FA1A2}"
EndProject
Project("{FAE04EC0-301F-11D3-BF4B-00C04F79EFBC}") = "TaoSoCT", "TaoSoCT\TaoSoCT.csproj", "{70675401-AEB2-442B-B7C5-52B76ADC0AC4}"
EndProject
Project("{FAE04EC0-301F-11D3-BF4B-00C04F79EFBC}") = "LayDSPhatLuong", "LayDSPhatLuong\LayDSPhatLuong.csproj", "{742B3F4E-7B4B-4110-A1DF-33DF44DC8780}"
EndProject
Project("{FAE04EC0-301F-11D3-BF4B-00C04F79EFBC}") = "TaoMaLopCT", "TaoMaLopCT\TaoMaLopCT.csproj", "{F6797B84-88FA-4C68-8DCB-CC4FB72F8C38}"
EndProject
Project("{FAE04EC0-301F-11D3-BF4B-00C04F79EFBC}") = "HocVienCu", "HocVienCu\HocVienCu.csproj", "{962F979A-619D-4847-85DB-F4AC52996D2F}"
EndProject
Project("{FAE04EC0-301F-11D3-BF4B-00C04F79EFBC}") = "SiSoDK", "SiSoDK\SiSoDK.csproj", "{834AA00E-A768-4E2C-BE32-439626D526F9}"
EndProject
Project("{FAE04EC0-301F-11D3-BF4B-00C04F79EFBC}") = "KiemTraQuyenUser", "KiemTraQuyenUser\KiemTraQuyenUser.csproj", "{BED6BCE6-77E7-4C29-8427-F02479A7E96B}"
EndProject
Project("{FAE04EC0-301F-11D3-BF4B-00C04F79EFBC}") = "KiemTraNhapExcelHVTV", "KiemTraNhapExcelHVTV\KiemTraNhapExcelHVTV.csproj", "{4E0DA1A7-2C7C-4923-B310-2F611BD20AC2}"
EndProject
Global
	GlobalSection(SolutionConfigurationPlatforms) = preSolution
		Debug|Any CPU = Debug|Any CPU
		Release|Any CPU = Release|Any CPU
	EndGlobalSection
	GlobalSection(ProjectConfigurationPlatforms) = postSolution
		{D514E4FD-48FB-4084-8B93-5220DF2565C1}.Debug|Any CPU.ActiveCfg = Debug|Any CPU
		{D514E4FD-48FB-4084-8B93-5220DF2565C1}.Debug|Any CPU.Build.0 = Debug|Any CPU
		{D514E4FD-48FB-4084-8B93-5220DF2565C1}.Release|Any CPU.ActiveCfg = Release|Any CPU
		{D514E4FD-48FB-4084-8B93-5220DF2565C1}.Release|Any CPU.Build.0 = Release|Any CPU
		{A48C0424-B640-40F9-9F72-9D96667B6160}.Debug|Any CPU.ActiveCfg = Debug|Any CPU
		{A48C0424-B640-40F9-9F72-9D96667B6160}.Debug|Any CPU.Build.0 = Debug|Any CPU
		{A48C0424-B640-40F9-9F72-9D96667B6160}.Release|Any CPU.ActiveCfg = Release|Any CPU
		{A48C0424-B640-40F9-9F72-9D96667B6160}.Release|Any CPU.Build.0 = Release|Any CPU
		{62DB796E-41ED-4C57-B0D8-DAC973811E73}.Debug|Any CPU.ActiveCfg = Debug|Any CPU
		{62DB796E-41ED-4C57-B0D8-DAC973811E73}.Debug|Any CPU.Build.0 = Debug|Any CPU
		{62DB796E-41ED-4C57-B0D8-DAC973811E73}.Release|Any CPU.ActiveCfg = Release|Any CPU
		{62DB796E-41ED-4C57-B0D8-DAC973811E73}.Release|Any CPU.Build.0 = Release|Any CPU
		{88A60B72-8B07-427C-A73F-A55B039F1423}.Debug|Any CPU.ActiveCfg = Debug|Any CPU
		{88A60B72-8B07-427C-A73F-A55B039F1423}.Debug|Any CPU.Build.0 = Debug|Any CPU
		{88A60B72-8B07-427C-A73F-A55B039F1423}.Release|Any CPU.ActiveCfg = Release|Any CPU
		{88A60B72-8B07-427C-A73F-A55B039F1423}.Release|Any CPU.Build.0 = Release|Any CPU
		{42ED6D77-B5CE-45FE-BCE3-2EF19623CCF7}.Debug|Any CPU.ActiveCfg = Debug|Any CPU
		{42ED6D77-B5CE-45FE-BCE3-2EF19623CCF7}.Debug|Any CPU.Build.0 = Debug|Any CPU
		{42ED6D77-B5CE-45FE-BCE3-2EF19623CCF7}.Release|Any CPU.ActiveCfg = Release|Any CPU
		{42ED6D77-B5CE-45FE-BCE3-2EF19623CCF7}.Release|Any CPU.Build.0 = Release|Any CPU
		{1D7C6B35-1A4B-40CF-B0FD-2B2C849FDEB4}.Debug|Any CPU.ActiveCfg = Debug|Any CPU
		{1D7C6B35-1A4B-40CF-B0FD-2B2C849FDEB4}.Debug|Any CPU.Build.0 = Debug|Any CPU
		{1D7C6B35-1A4B-40CF-B0FD-2B2C849FDEB4}.Release|Any CPU.ActiveCfg = Release|Any CPU
		{1D7C6B35-1A4B-40CF-B0FD-2B2C849FDEB4}.Release|Any CPU.Build.0 = Release|Any CPU
		{37F59C57-37C4-4F04-99E1-56E9A88FA1A2}.Debug|Any CPU.ActiveCfg = Debug|Any CPU
		{37F59C57-37C4-4F04-99E1-56E9A88FA1A2}.Debug|Any CPU.Build.0 = Debug|Any CPU
		{37F59C57-37C4-4F04-99E1-56E9A88FA1A2}.Release|Any CPU.ActiveCfg = Release|Any CPU
		{37F59C57-37C4-4F04-99E1-56E9A88FA1A2}.Release|Any CPU.Build.0 = Release|Any CPU
		{70675401-AEB2-442B-B7C5-52B76ADC0AC4}.Debug|Any CPU.ActiveCfg = Debug|Any CPU
		{70675401-AEB2-442B-B7C5-52B76ADC0AC4}.Debug|Any CPU.Build.0 = Debug|Any CPU
		{70675401-AEB2-442B-B7C5-52B76ADC0AC4}.Release|Any CPU.ActiveCfg = Release|Any CPU
		{70675401-AEB2-442B-B7C5-52B76ADC0AC4}.Release|Any CPU.Build.0 = Release|Any CPU
		{742B3F4E-7B4B-4110-A1DF-33DF44DC8780}.Debug|Any CPU.ActiveCfg = Debug|Any CPU
		{742B3F4E-7B4B-4110-A1DF-33DF44DC8780}.Debug|Any CPU.Build.0 = Debug|Any CPU
		{742B3F4E-7B4B-4110-A1DF-33DF44DC8780}.Release|Any CPU.ActiveCfg = Release|Any CPU
		{742B3F4E-7B4B-4110-A1DF-33DF44DC8780}.Release|Any CPU.Build.0 = Release|Any CPU
		{F6797B84-88FA-4C68-8DCB-CC4FB72F8C38}.Debug|Any CPU.ActiveCfg = Debug|Any CPU
		{F6797B84-88FA-4C68-8DCB-CC4FB72F8C38}.Debug|Any CPU.Build.0 = Debug|Any CPU
		{F6797B84-88FA-4C68-8DCB-CC4FB72F8C38}.Release|Any CPU.ActiveCfg = Release|Any CPU
		{F6797B84-88FA-4C68-8DCB-CC4FB72F8C38}.Release|Any CPU.Build.0 = Release|Any CPU
		{962F979A-619D-4847-85DB-F4AC52996D2F}.Debug|Any CPU.ActiveCfg = Debug|Any CPU
		{962F979A-619D-4847-85DB-F4AC52996D2F}.Debug|Any CPU.Build.0 = Debug|Any CPU
		{962F979A-619D-4847-85DB-F4AC52996D2F}.Release|Any CPU.ActiveCfg = Release|Any CPU
		{962F979A-619D-4847-85DB-F4AC52996D2F}.Release|Any CPU.Build.0 = Release|Any CPU
		{834AA00E-A768-4E2C-BE32-439626D526F9}.Debug|Any CPU.ActiveCfg = Debug|Any CPU
		{834AA00E-A768-4E2C-BE32-439626D526F9}.Debug|Any CPU.Build.0 = Debug|Any CPU
		{834AA00E-A768-4E2C-BE32-439626D526F9}.Release|Any CPU.ActiveCfg = Release|Any CPU
		{834AA00E-A768-4E2C-BE32-439626D526F9}.Release|Any CPU.Build.0 = Release|Any CPU
		{BED6BCE6-77E7-4C29-8427-F02479A7E96B}.Debug|Any CPU.ActiveCfg = Debug|Any CPU
		{BED6BCE6-77E7-4C29-8427-F02479A7E96B}.Debug|Any CPU.Build.0 = Debug|Any CPU
		{BED6BCE6-77E7-4C29-8427-F02479A7E96B}.Release|Any CPU.ActiveCfg = Release|Any CPU
		{BED6BCE6-77E7-4C29-8427-F02479A7E96B}.Release|Any CPU.Build.0 = Release|Any CPU
		{4E0DA1A7-2C7C-4923-B310-2F611BD20AC2}.Debug|Any CPU.ActiveCfg = Debug|Any CPU
		{4E0DA1A7-2C7C-4923-B310-2F611BD20AC2}.Debug|Any CPU.Build.0 = Debug|Any CPU
		{4E0DA1A7-2C7C-4923-B310-2F611BD20AC2}.Release|Any CPU.ActiveCfg = Release|Any CPU
		{4E0DA1A7-2C7C-4923-B310-2F611BD20AC2}.Release|Any CPU.Build.0 = Release|Any CPU
	EndGlobalSection
	GlobalSection(SolutionProperties) = preSolution
		HideSolutionNode = FALSE
	EndGlobalSection
EndGlobal
