
Microsoft Visual Studio Solution File, Format Version 9.00
# Visual Studio 2005
Project("{FAE04EC0-301F-11D3-BF4B-00C04F79EFBC}") = "CapNhatThanhToan", "CapNhatThanhToan\CapNhatThanhToan.csproj", "{FD9028EF-A36C-49B3-87B9-8CD32B163E60}"
EndProject
Project("{FAE04EC0-301F-11D3-BF4B-00C04F79EFBC}") = "CDT", "..\..\..\..\Lap trinh 1\CDT - SHZ\CDT.csproj", "{A48C0424-B640-40F9-9F72-9D96667B6160}"
EndProject
Project("{FAE04EC0-301F-11D3-BF4B-00C04F79EFBC}") = "CapNhatThanhToan2", "..\CapNhatThanhToan2\CapNhatThanhToan2.csproj", "{C7471B40-9CCA-4D7C-B080-0F5D46340078}"
EndProject
Global
	GlobalSection(SolutionConfigurationPlatforms) = preSolution
		Debug|Any CPU = Debug|Any CPU
		Release|Any CPU = Release|Any CPU
	EndGlobalSection
	GlobalSection(ProjectConfigurationPlatforms) = postSolution
		{FD9028EF-A36C-49B3-87B9-8CD32B163E60}.Debug|Any CPU.ActiveCfg = Debug|Any CPU
		{FD9028EF-A36C-49B3-87B9-8CD32B163E60}.Debug|Any CPU.Build.0 = Debug|Any CPU
		{FD9028EF-A36C-49B3-87B9-8CD32B163E60}.Release|Any CPU.ActiveCfg = Release|Any CPU
		{FD9028EF-A36C-49B3-87B9-8CD32B163E60}.Release|Any CPU.Build.0 = Release|Any CPU
		{A48C0424-B640-40F9-9F72-9D96667B6160}.Debug|Any CPU.ActiveCfg = Debug|Any CPU
		{A48C0424-B640-40F9-9F72-9D96667B6160}.Debug|Any CPU.Build.0 = Debug|Any CPU
		{A48C0424-B640-40F9-9F72-9D96667B6160}.Release|Any CPU.ActiveCfg = Release|Any CPU
		{A48C0424-B640-40F9-9F72-9D96667B6160}.Release|Any CPU.Build.0 = Release|Any CPU
		{C7471B40-9CCA-4D7C-B080-0F5D46340078}.Debug|Any CPU.ActiveCfg = Debug|Any CPU
		{C7471B40-9CCA-4D7C-B080-0F5D46340078}.Debug|Any CPU.Build.0 = Debug|Any CPU
		{C7471B40-9CCA-4D7C-B080-0F5D46340078}.Release|Any CPU.ActiveCfg = Release|Any CPU
		{C7471B40-9CCA-4D7C-B080-0F5D46340078}.Release|Any CPU.Build.0 = Release|Any CPU
	EndGlobalSection
	GlobalSection(SolutionProperties) = preSolution
		HideSolutionNode = FALSE
	EndGlobalSection
EndGlobal
