
Microsoft Visual Studio Solution File, Format Version 9.00
# Visual Studio 2005
Project("{FAE04EC0-301F-11D3-BF4B-00C04F79EFBC}") = "KiemTraTL", "KiemTraTL.csproj", "{7B73924C-CD17-45C6-A3B5-B44864CC0CF8}"
EndProject
Project("{FAE04EC0-301F-11D3-BF4B-00C04F79EFBC}") = "CDT", "..\..\..\..\Lap trinh 1\CDT - SHZ\CDT.csproj", "{A48C0424-B640-40F9-9F72-9D96667B6160}"
EndProject
Global
	GlobalSection(SolutionConfigurationPlatforms) = preSolution
		Debug|Any CPU = Debug|Any CPU
		Release|Any CPU = Release|Any CPU
	EndGlobalSection
	GlobalSection(ProjectConfigurationPlatforms) = postSolution
		{7B73924C-CD17-45C6-A3B5-B44864CC0CF8}.Debug|Any CPU.ActiveCfg = Debug|Any CPU
		{7B73924C-CD17-45C6-A3B5-B44864CC0CF8}.Debug|Any CPU.Build.0 = Debug|Any CPU
		{7B73924C-CD17-45C6-A3B5-B44864CC0CF8}.Release|Any CPU.ActiveCfg = Release|Any CPU
		{7B73924C-CD17-45C6-A3B5-B44864CC0CF8}.Release|Any CPU.Build.0 = Release|Any CPU
		{A48C0424-B640-40F9-9F72-9D96667B6160}.Debug|Any CPU.ActiveCfg = Debug|Any CPU
		{A48C0424-B640-40F9-9F72-9D96667B6160}.Debug|Any CPU.Build.0 = Debug|Any CPU
		{A48C0424-B640-40F9-9F72-9D96667B6160}.Release|Any CPU.ActiveCfg = Release|Any CPU
		{A48C0424-B640-40F9-9F72-9D96667B6160}.Release|Any CPU.Build.0 = Release|Any CPU
	EndGlobalSection
	GlobalSection(SolutionProperties) = preSolution
		HideSolutionNode = FALSE
	EndGlobalSection
EndGlobal
