
Microsoft Visual Studio Solution File, Format Version 9.00
# Visual Studio 2005
Project("{FAE04EC0-301F-11D3-BF4B-00C04F79EFBC}") = "PBCP", "PBCP.csproj", "{EDB0075D-BE75-481E-A56F-61EA6E1BAA16}"
EndProject
Global
	GlobalSection(SolutionConfigurationPlatforms) = preSolution
		Debug|Any CPU = Debug|Any CPU
		Release|Any CPU = Release|Any CPU
	EndGlobalSection
	GlobalSection(ProjectConfigurationPlatforms) = postSolution
		{EDB0075D-BE75-481E-A56F-61EA6E1BAA16}.Debug|Any CPU.ActiveCfg = Debug|Any CPU
		{EDB0075D-BE75-481E-A56F-61EA6E1BAA16}.Debug|Any CPU.Build.0 = Debug|Any CPU
		{EDB0075D-BE75-481E-A56F-61EA6E1BAA16}.Release|Any CPU.ActiveCfg = Release|Any CPU
		{EDB0075D-BE75-481E-A56F-61EA6E1BAA16}.Release|Any CPU.Build.0 = Release|Any CPU
	EndGlobalSection
	GlobalSection(SolutionProperties) = preSolution
		HideSolutionNode = FALSE
	EndGlobalSection
EndGlobal
