
Microsoft Visual Studio Solution File, Format Version 9.00
# Visual Studio 2005
Project("{FAE04EC0-301F-11D3-BF4B-00C04F79EFBC}") = "CopyHocVien", "CopyHocVien.csproj", "{9D57F3A7-46CC-4D2A-BF08-553979784752}"
EndProject
Project("{FAE04EC0-301F-11D3-BF4B-00C04F79EFBC}") = "CDT", "..\..\..\..\Lap trinh 3\CDT\CDT.csproj", "{A48C0424-B640-40F9-9F72-9D96667B6160}"
EndProject
Project("{FAE04EC0-301F-11D3-BF4B-00C04F79EFBC}") = "LayLSX", "..\..\..\Phuc Hao\Plugins\LayLSX\LayLSX.csproj", "{55046E9A-9A2D-44B8-AA39-2B3C19655425}"
EndProject
Global
	GlobalSection(SolutionConfigurationPlatforms) = preSolution
		Debug|Any CPU = Debug|Any CPU
		Release|Any CPU = Release|Any CPU
	EndGlobalSection
	GlobalSection(ProjectConfigurationPlatforms) = postSolution
		{9D57F3A7-46CC-4D2A-BF08-553979784752}.Debug|Any CPU.ActiveCfg = Debug|Any CPU
		{9D57F3A7-46CC-4D2A-BF08-553979784752}.Debug|Any CPU.Build.0 = Debug|Any CPU
		{9D57F3A7-46CC-4D2A-BF08-553979784752}.Release|Any CPU.ActiveCfg = Release|Any CPU
		{9D57F3A7-46CC-4D2A-BF08-553979784752}.Release|Any CPU.Build.0 = Release|Any CPU
		{A48C0424-B640-40F9-9F72-9D96667B6160}.Debug|Any CPU.ActiveCfg = Debug|Any CPU
		{A48C0424-B640-40F9-9F72-9D96667B6160}.Debug|Any CPU.Build.0 = Debug|Any CPU
		{A48C0424-B640-40F9-9F72-9D96667B6160}.Release|Any CPU.ActiveCfg = Release|Any CPU
		{A48C0424-B640-40F9-9F72-9D96667B6160}.Release|Any CPU.Build.0 = Release|Any CPU
		{55046E9A-9A2D-44B8-AA39-2B3C19655425}.Debug|Any CPU.ActiveCfg = Debug|Any CPU
		{55046E9A-9A2D-44B8-AA39-2B3C19655425}.Debug|Any CPU.Build.0 = Debug|Any CPU
		{55046E9A-9A2D-44B8-AA39-2B3C19655425}.Release|Any CPU.ActiveCfg = Release|Any CPU
		{55046E9A-9A2D-44B8-AA39-2B3C19655425}.Release|Any CPU.Build.0 = Release|Any CPU
	EndGlobalSection
	GlobalSection(SolutionProperties) = preSolution
		HideSolutionNode = FALSE
	EndGlobalSection
EndGlobal
